
Microsoft Visual Studio Solution File, Format Version 12.00
# Visual Studio Version 16
VisualStudioVersion = 16.0.29519.87
MinimumVisualStudioVersion = 10.0.40219.1
Project("{FAE04EC0-301F-11D3-BF4B-00C04F79EFBC}") = "Reminder", "Reminder1\Reminder.csproj", "{40D140E1-79F7-41BB-8B5D-9839300CF585}"
EndProject
Project("{2150E333-8FDC-42A3-9474-1A3956D46DE8}") = "Solution Items", "Solution Items", "{9788EF10-D510-47E6-8F14-B1B4B156E5BE}"
EndProject
Global
	GlobalSection(SolutionConfigurationPlatforms) = preSolution
		Debug|Any CPU = Debug|Any CPU
		Release|Any CPU = Release|Any CPU
	EndGlobalSection
	GlobalSection(ProjectConfigurationPlatforms) = postSolution
		{40D140E1-79F7-41BB-8B5D-9839300CF585}.Debug|Any CPU.ActiveCfg = Debug|Any CPU
		{40D140E1-79F7-41BB-8B5D-9839300CF585}.Debug|Any CPU.Build.0 = Debug|Any CPU
		{40D140E1-79F7-41BB-8B5D-9839300CF585}.Release|Any CPU.ActiveCfg = Release|Any CPU
		{40D140E1-79F7-41BB-8B5D-9839300CF585}.Release|Any CPU.Build.0 = Release|Any CPU
	EndGlobalSection
	GlobalSection(SolutionProperties) = preSolution
		HideSolutionNode = FALSE
	EndGlobalSection
	GlobalSection(ExtensibilityGlobals) = postSolution
		SolutionGuid = {B23D6E31-9963-4D2B-B0F9-9ADCF5085AAC}
	EndGlobalSection
EndGlobal
